
Microsoft Visual Studio Solution File, Format Version 11.00
# Visual Studio 2010
Project("{FAE04EC0-301F-11D3-BF4B-00C04F79EFBC}") = "Sync.Common", "Sync.Common\Sync.Common.csproj", "{F8EBBC18-EF3E-4011-A889-F3821F682759}"
EndProject
Project("{FAE04EC0-301F-11D3-BF4B-00C04F79EFBC}") = "Sync.MockClient", "Sync.MockClient\Sync.MockClient.csproj", "{B05C9822-946C-4D3C-B451-E6FEE92944B2}"
EndProject
Project("{FAE04EC0-301F-11D3-BF4B-00C04F79EFBC}") = "Sync.MockServer", "Sync.MockServer\Sync.MockServer.csproj", "{E001A9BC-2091-406B-9ECF-F0BCAB1A5EB2}"
EndProject
Project("{FAE04EC0-301F-11D3-BF4B-00C04F79EFBC}") = "Sync.MockServerProxy", "Sync.MockServerProxy\Sync.MockServerProxy.csproj", "{FA79BE59-AEF2-439C-834F-F93545DCDABC}"
EndProject
Project("{FAE04EC0-301F-11D3-BF4B-00C04F79EFBC}") = "Sync.Tests", "Sync.Tests\Sync.Tests.csproj", "{C4D14990-99AD-4ED8-9A77-6E1B1F8F00A0}"
EndProject
Global
	GlobalSection(SolutionConfigurationPlatforms) = preSolution
		Debug|Any CPU = Debug|Any CPU
		Debug|Mixed Platforms = Debug|Mixed Platforms
		Debug|x86 = Debug|x86
		Release|Any CPU = Release|Any CPU
		Release|Mixed Platforms = Release|Mixed Platforms
		Release|x86 = Release|x86
	EndGlobalSection
	GlobalSection(ProjectConfigurationPlatforms) = postSolution
		{F8EBBC18-EF3E-4011-A889-F3821F682759}.Debug|Any CPU.ActiveCfg = Debug|Any CPU
		{F8EBBC18-EF3E-4011-A889-F3821F682759}.Debug|Any CPU.Build.0 = Debug|Any CPU
		{F8EBBC18-EF3E-4011-A889-F3821F682759}.Debug|Mixed Platforms.ActiveCfg = Debug|Any CPU
		{F8EBBC18-EF3E-4011-A889-F3821F682759}.Debug|Mixed Platforms.Build.0 = Debug|Any CPU
		{F8EBBC18-EF3E-4011-A889-F3821F682759}.Debug|x86.ActiveCfg = Debug|Any CPU
		{F8EBBC18-EF3E-4011-A889-F3821F682759}.Release|Any CPU.ActiveCfg = Release|Any CPU
		{F8EBBC18-EF3E-4011-A889-F3821F682759}.Release|Any CPU.Build.0 = Release|Any CPU
		{F8EBBC18-EF3E-4011-A889-F3821F682759}.Release|Mixed Platforms.ActiveCfg = Release|Any CPU
		{F8EBBC18-EF3E-4011-A889-F3821F682759}.Release|Mixed Platforms.Build.0 = Release|Any CPU
		{F8EBBC18-EF3E-4011-A889-F3821F682759}.Release|x86.ActiveCfg = Release|Any CPU
		{B05C9822-946C-4D3C-B451-E6FEE92944B2}.Debug|Any CPU.ActiveCfg = Debug|Any CPU
		{B05C9822-946C-4D3C-B451-E6FEE92944B2}.Debug|Any CPU.Build.0 = Debug|Any CPU
		{B05C9822-946C-4D3C-B451-E6FEE92944B2}.Debug|Mixed Platforms.ActiveCfg = Debug|Any CPU
		{B05C9822-946C-4D3C-B451-E6FEE92944B2}.Debug|Mixed Platforms.Build.0 = Debug|Any CPU
		{B05C9822-946C-4D3C-B451-E6FEE92944B2}.Debug|x86.ActiveCfg = Debug|Any CPU
		{B05C9822-946C-4D3C-B451-E6FEE92944B2}.Release|Any CPU.ActiveCfg = Release|Any CPU
		{B05C9822-946C-4D3C-B451-E6FEE92944B2}.Release|Any CPU.Build.0 = Release|Any CPU
		{B05C9822-946C-4D3C-B451-E6FEE92944B2}.Release|Mixed Platforms.ActiveCfg = Release|Any CPU
		{B05C9822-946C-4D3C-B451-E6FEE92944B2}.Release|Mixed Platforms.Build.0 = Release|Any CPU
		{B05C9822-946C-4D3C-B451-E6FEE92944B2}.Release|x86.ActiveCfg = Release|Any CPU
		{E001A9BC-2091-406B-9ECF-F0BCAB1A5EB2}.Debug|Any CPU.ActiveCfg = Debug|Any CPU
		{E001A9BC-2091-406B-9ECF-F0BCAB1A5EB2}.Debug|Any CPU.Build.0 = Debug|Any CPU
		{E001A9BC-2091-406B-9ECF-F0BCAB1A5EB2}.Debug|Mixed Platforms.ActiveCfg = Debug|Any CPU
		{E001A9BC-2091-406B-9ECF-F0BCAB1A5EB2}.Debug|Mixed Platforms.Build.0 = Debug|Any CPU
		{E001A9BC-2091-406B-9ECF-F0BCAB1A5EB2}.Debug|x86.ActiveCfg = Debug|Any CPU
		{E001A9BC-2091-406B-9ECF-F0BCAB1A5EB2}.Release|Any CPU.ActiveCfg = Release|Any CPU
		{E001A9BC-2091-406B-9ECF-F0BCAB1A5EB2}.Release|Any CPU.Build.0 = Release|Any CPU
		{E001A9BC-2091-406B-9ECF-F0BCAB1A5EB2}.Release|Mixed Platforms.ActiveCfg = Release|Any CPU
		{E001A9BC-2091-406B-9ECF-F0BCAB1A5EB2}.Release|Mixed Platforms.Build.0 = Release|Any CPU
		{E001A9BC-2091-406B-9ECF-F0BCAB1A5EB2}.Release|x86.ActiveCfg = Release|Any CPU
		{FA79BE59-AEF2-439C-834F-F93545DCDABC}.Debug|Any CPU.ActiveCfg = Debug|Any CPU
		{FA79BE59-AEF2-439C-834F-F93545DCDABC}.Debug|Any CPU.Build.0 = Debug|Any CPU
		{FA79BE59-AEF2-439C-834F-F93545DCDABC}.Debug|Mixed Platforms.ActiveCfg = Debug|Any CPU
		{FA79BE59-AEF2-439C-834F-F93545DCDABC}.Debug|Mixed Platforms.Build.0 = Debug|Any CPU
		{FA79BE59-AEF2-439C-834F-F93545DCDABC}.Debug|x86.ActiveCfg = Debug|Any CPU
		{FA79BE59-AEF2-439C-834F-F93545DCDABC}.Release|Any CPU.ActiveCfg = Release|Any CPU
		{FA79BE59-AEF2-439C-834F-F93545DCDABC}.Release|Any CPU.Build.0 = Release|Any CPU
		{FA79BE59-AEF2-439C-834F-F93545DCDABC}.Release|Mixed Platforms.ActiveCfg = Release|Any CPU
		{FA79BE59-AEF2-439C-834F-F93545DCDABC}.Release|Mixed Platforms.Build.0 = Release|Any CPU
		{FA79BE59-AEF2-439C-834F-F93545DCDABC}.Release|x86.ActiveCfg = Release|Any CPU
		{C4D14990-99AD-4ED8-9A77-6E1B1F8F00A0}.Debug|Any CPU.ActiveCfg = Debug|x86
		{C4D14990-99AD-4ED8-9A77-6E1B1F8F00A0}.Debug|Mixed Platforms.ActiveCfg = Debug|x86
		{C4D14990-99AD-4ED8-9A77-6E1B1F8F00A0}.Debug|Mixed Platforms.Build.0 = Debug|x86
		{C4D14990-99AD-4ED8-9A77-6E1B1F8F00A0}.Debug|x86.ActiveCfg = Debug|x86
		{C4D14990-99AD-4ED8-9A77-6E1B1F8F00A0}.Debug|x86.Build.0 = Debug|x86
		{C4D14990-99AD-4ED8-9A77-6E1B1F8F00A0}.Release|Any CPU.ActiveCfg = Release|x86
		{C4D14990-99AD-4ED8-9A77-6E1B1F8F00A0}.Release|Mixed Platforms.ActiveCfg = Release|x86
		{C4D14990-99AD-4ED8-9A77-6E1B1F8F00A0}.Release|Mixed Platforms.Build.0 = Release|x86
		{C4D14990-99AD-4ED8-9A77-6E1B1F8F00A0}.Release|x86.ActiveCfg = Release|x86
		{C4D14990-99AD-4ED8-9A77-6E1B1F8F00A0}.Release|x86.Build.0 = Release|x86
	EndGlobalSection
	GlobalSection(SolutionProperties) = preSolution
		HideSolutionNode = FALSE
	EndGlobalSection
EndGlobal
